// !$*UTF8*$!
{
	archiveVersion = 1;
	classes = {
	};
	objectVersion = 46;
	objects = {

/* Begin PBXBuildFile section */
		0697F19FD32EA5EE5349FF74 /* libPods-Prioritate.a in Frameworks */ = {isa = PBXBuildFile; fileRef = 8C74D7AF4A91D9D9D491730C /* libPods-Prioritate.a */; };
		A7CF81751AF635B200225BD8 /* PRDataManager.swift in Sources */ = {isa = PBXBuildFile; fileRef = A7CF81741AF635B200225BD8 /* PRDataManager.swift */; };
		A7CF81771AF6CE8000225BD8 /* PRCellItemEditor.swift in Sources */ = {isa = PBXBuildFile; fileRef = A7CF81761AF6CE8000225BD8 /* PRCellItemEditor.swift */; };
		A7CF81791AF6CF9C00225BD8 /* PRDashboardViewController.swift in Sources */ = {isa = PBXBuildFile; fileRef = A7CF81781AF6CF9C00225BD8 /* PRDashboardViewController.swift */; };
		A7CF817B1AF6D03400225BD8 /* PREditorViewController.swift in Sources */ = {isa = PBXBuildFile; fileRef = A7CF817A1AF6D03400225BD8 /* PREditorViewController.swift */; };
		A7CF817D1AF6D57700225BD8 /* PRConstants.swift in Sources */ = {isa = PBXBuildFile; fileRef = A7CF817C1AF6D57700225BD8 /* PRConstants.swift */; };
		A7CF817F1AF6DC6C00225BD8 /* PRTabBarController.swift in Sources */ = {isa = PBXBuildFile; fileRef = A7CF817E1AF6DC6C00225BD8 /* PRTabBarController.swift */; };
		A7D794661AF5892700AE7D87 /* AppDelegate.swift in Sources */ = {isa = PBXBuildFile; fileRef = A7D794651AF5892700AE7D87 /* AppDelegate.swift */; };
		A7D7946B1AF5892700AE7D87 /* Main.storyboard in Resources */ = {isa = PBXBuildFile; fileRef = A7D794691AF5892700AE7D87 /* Main.storyboard */; };
		A7D7946D1AF5892700AE7D87 /* Images.xcassets in Resources */ = {isa = PBXBuildFile; fileRef = A7D7946C1AF5892700AE7D87 /* Images.xcassets */; };
		A7D7947C1AF5892700AE7D87 /* PrioritateTests.swift in Sources */ = {isa = PBXBuildFile; fileRef = A7D7947B1AF5892700AE7D87 /* PrioritateTests.swift */; };
		A7D794861AF58BF600AE7D87 /* PrioritateKeys.swift in Sources */ = {isa = PBXBuildFile; fileRef = A7D794851AF58BF600AE7D87 /* PrioritateKeys.swift */; };
		A7D7948C1AF5A75D00AE7D87 /* PFItem.swift in Sources */ = {isa = PBXBuildFile; fileRef = A7D7948B1AF5A75D00AE7D87 /* PFItem.swift */; };
		A7D7948F1AF5AF8700AE7D87 /* PFItem.swift in Sources */ = {isa = PBXBuildFile; fileRef = A7D7948B1AF5A75D00AE7D87 /* PFItem.swift */; };
		A7D794921AF5BD8100AE7D87 /* MXCellProtocol.swift in Sources */ = {isa = PBXBuildFile; fileRef = A7D794911AF5BD8100AE7D87 /* MXCellProtocol.swift */; };
		A7D794951AF5BEAF00AE7D87 /* PRCellItem.swift in Sources */ = {isa = PBXBuildFile; fileRef = A7D794941AF5BEAF00AE7D87 /* PRCellItem.swift */; };
		F342267FBE2D9742284A5EC9 /* libPods-PrioritateTests.a in Frameworks */ = {isa = PBXBuildFile; fileRef = 983C0AFEE64ED463E745BF62 /* libPods-PrioritateTests.a */; };
/* End PBXBuildFile section */

/* Begin PBXContainerItemProxy section */
		A7D794761AF5892700AE7D87 /* PBXContainerItemProxy */ = {
			isa = PBXContainerItemProxy;
			containerPortal = A7D794581AF5892600AE7D87 /* Project object */;
			proxyType = 1;
			remoteGlobalIDString = A7D7945F1AF5892600AE7D87;
			remoteInfo = Prioritate;
		};
/* End PBXContainerItemProxy section */

/* Begin PBXFileReference section */
		0BB306CBAA66E91FCA723DC1 /* Pods-PrioritateTests.debug.xcconfig */ = {isa = PBXFileReference; includeInIndex = 1; lastKnownFileType = text.xcconfig; name = "Pods-PrioritateTests.debug.xcconfig"; path = "Pods/Target Support Files/Pods-PrioritateTests/Pods-PrioritateTests.debug.xcconfig"; sourceTree = "<group>"; };
		24B0579797D1CBF8785AF142 /* Pods-PrioritateTests.release.xcconfig */ = {isa = PBXFileReference; includeInIndex = 1; lastKnownFileType = text.xcconfig; name = "Pods-PrioritateTests.release.xcconfig"; path = "Pods/Target Support Files/Pods-PrioritateTests/Pods-PrioritateTests.release.xcconfig"; sourceTree = "<group>"; };
		320E5DD80563C4D40513ED20 /* Pods-Prioritate.debug.xcconfig */ = {isa = PBXFileReference; includeInIndex = 1; lastKnownFileType = text.xcconfig; name = "Pods-Prioritate.debug.xcconfig"; path = "Pods/Target Support Files/Pods-Prioritate/Pods-Prioritate.debug.xcconfig"; sourceTree = "<group>"; };
		67D079BADE659130AA7C98C3 /* Pods-Prioritate.release.xcconfig */ = {isa = PBXFileReference; includeInIndex = 1; lastKnownFileType = text.xcconfig; name = "Pods-Prioritate.release.xcconfig"; path = "Pods/Target Support Files/Pods-Prioritate/Pods-Prioritate.release.xcconfig"; sourceTree = "<group>"; };
		8C74D7AF4A91D9D9D491730C /* libPods-Prioritate.a */ = {isa = PBXFileReference; explicitFileType = archive.ar; includeInIndex = 0; path = "libPods-Prioritate.a"; sourceTree = BUILT_PRODUCTS_DIR; };
		983C0AFEE64ED463E745BF62 /* libPods-PrioritateTests.a */ = {isa = PBXFileReference; explicitFileType = archive.ar; includeInIndex = 0; path = "libPods-PrioritateTests.a"; sourceTree = BUILT_PRODUCTS_DIR; };
		A7CF81741AF635B200225BD8 /* PRDataManager.swift */ = {isa = PBXFileReference; fileEncoding = 4; lastKnownFileType = sourcecode.swift; path = PRDataManager.swift; sourceTree = "<group>"; };
		A7CF81761AF6CE8000225BD8 /* PRCellItemEditor.swift */ = {isa = PBXFileReference; fileEncoding = 4; lastKnownFileType = sourcecode.swift; path = PRCellItemEditor.swift; sourceTree = "<group>"; };
		A7CF81781AF6CF9C00225BD8 /* PRDashboardViewController.swift */ = {isa = PBXFileReference; fileEncoding = 4; lastKnownFileType = sourcecode.swift; path = PRDashboardViewController.swift; sourceTree = "<group>"; };
		A7CF817A1AF6D03400225BD8 /* PREditorViewController.swift */ = {isa = PBXFileReference; fileEncoding = 4; lastKnownFileType = sourcecode.swift; path = PREditorViewController.swift; sourceTree = "<group>"; };
		A7CF817C1AF6D57700225BD8 /* PRConstants.swift */ = {isa = PBXFileReference; fileEncoding = 4; lastKnownFileType = sourcecode.swift; path = PRConstants.swift; sourceTree = "<group>"; };
		A7CF817E1AF6DC6C00225BD8 /* PRTabBarController.swift */ = {isa = PBXFileReference; fileEncoding = 4; lastKnownFileType = sourcecode.swift; path = PRTabBarController.swift; sourceTree = "<group>"; };
		A7D794601AF5892700AE7D87 /* Prioritate.app */ = {isa = PBXFileReference; explicitFileType = wrapper.application; includeInIndex = 0; path = Prioritate.app; sourceTree = BUILT_PRODUCTS_DIR; };
		A7D794641AF5892700AE7D87 /* Info.plist */ = {isa = PBXFileReference; lastKnownFileType = text.plist.xml; path = Info.plist; sourceTree = "<group>"; };
		A7D794651AF5892700AE7D87 /* AppDelegate.swift */ = {isa = PBXFileReference; lastKnownFileType = sourcecode.swift; path = AppDelegate.swift; sourceTree = "<group>"; };
		A7D7946A1AF5892700AE7D87 /* Base */ = {isa = PBXFileReference; lastKnownFileType = file.storyboard; name = Base; path = Base.lproj/Main.storyboard; sourceTree = "<group>"; };
		A7D7946C1AF5892700AE7D87 /* Images.xcassets */ = {isa = PBXFileReference; lastKnownFileType = folder.assetcatalog; path = Images.xcassets; sourceTree = "<group>"; };
		A7D794751AF5892700AE7D87 /* PrioritateTests.xctest */ = {isa = PBXFileReference; explicitFileType = wrapper.cfbundle; includeInIndex = 0; path = PrioritateTests.xctest; sourceTree = BUILT_PRODUCTS_DIR; };
		A7D7947A1AF5892700AE7D87 /* Info.plist */ = {isa = PBXFileReference; lastKnownFileType = text.plist.xml; path = Info.plist; sourceTree = "<group>"; };
		A7D7947B1AF5892700AE7D87 /* PrioritateTests.swift */ = {isa = PBXFileReference; lastKnownFileType = sourcecode.swift; path = PrioritateTests.swift; sourceTree = "<group>"; };
		A7D794851AF58BF600AE7D87 /* PrioritateKeys.swift */ = {isa = PBXFileReference; fileEncoding = 4; lastKnownFileType = sourcecode.swift; name = PrioritateKeys.swift; path = "../../../../Dropbox/_____keys/PrioritateKeys.swift"; sourceTree = "<group>"; };
		A7D794871AF596AA00AE7D87 /* Prioritate-Bridging-Header.h */ = {isa = PBXFileReference; lastKnownFileType = sourcecode.c.h; path = "Prioritate-Bridging-Header.h"; sourceTree = "<group>"; };
		A7D7948B1AF5A75D00AE7D87 /* PFItem.swift */ = {isa = PBXFileReference; fileEncoding = 4; lastKnownFileType = sourcecode.swift; path = PFItem.swift; sourceTree = "<group>"; };
		A7D794911AF5BD8100AE7D87 /* MXCellProtocol.swift */ = {isa = PBXFileReference; fileEncoding = 4; lastKnownFileType = sourcecode.swift; path = MXCellProtocol.swift; sourceTree = "<group>"; };
		A7D794941AF5BEAF00AE7D87 /* PRCellItem.swift */ = {isa = PBXFileReference; fileEncoding = 4; lastKnownFileType = sourcecode.swift; path = PRCellItem.swift; sourceTree = "<group>"; };
/* End PBXFileReference section */

/* Begin PBXFrameworksBuildPhase section */
		A7D7945D1AF5892600AE7D87 /* Frameworks */ = {
			isa = PBXFrameworksBuildPhase;
			buildActionMask = 2147483647;
			files = (
				0697F19FD32EA5EE5349FF74 /* libPods-Prioritate.a in Frameworks */,
			);
			runOnlyForDeploymentPostprocessing = 0;
		};
		A7D794721AF5892700AE7D87 /* Frameworks */ = {
			isa = PBXFrameworksBuildPhase;
			buildActionMask = 2147483647;
			files = (
				F342267FBE2D9742284A5EC9 /* libPods-PrioritateTests.a in Frameworks */,
			);
			runOnlyForDeploymentPostprocessing = 0;
		};
/* End PBXFrameworksBuildPhase section */

/* Begin PBXGroup section */
		554F7AF55C74A68CB946BCE5 /* Pods */ = {
			isa = PBXGroup;
			children = (
				320E5DD80563C4D40513ED20 /* Pods-Prioritate.debug.xcconfig */,
				67D079BADE659130AA7C98C3 /* Pods-Prioritate.release.xcconfig */,
				0BB306CBAA66E91FCA723DC1 /* Pods-PrioritateTests.debug.xcconfig */,
				24B0579797D1CBF8785AF142 /* Pods-PrioritateTests.release.xcconfig */,
			);
			name = Pods;
			sourceTree = "<group>";
		};
		860AB5EE8C9B5430C0434C5B /* Frameworks */ = {
			isa = PBXGroup;
			children = (
				8C74D7AF4A91D9D9D491730C /* libPods-Prioritate.a */,
				983C0AFEE64ED463E745BF62 /* libPods-PrioritateTests.a */,
			);
			name = Frameworks;
			sourceTree = "<group>";
		};
		A7CF81731AF634C800225BD8 /* Classes */ = {
			isa = PBXGroup;
			children = (
				A7CF81741AF635B200225BD8 /* PRDataManager.swift */,
				A7CF817C1AF6D57700225BD8 /* PRConstants.swift */,
			);
			name = Classes;
			sourceTree = "<group>";
		};
		A7D794571AF5892600AE7D87 = {
			isa = PBXGroup;
			children = (
				A7D794621AF5892700AE7D87 /* Prioritate */,
				A7D794781AF5892700AE7D87 /* PrioritateTests */,
				A7D794611AF5892700AE7D87 /* Products */,
				554F7AF55C74A68CB946BCE5 /* Pods */,
				860AB5EE8C9B5430C0434C5B /* Frameworks */,
			);
			sourceTree = "<group>";
		};
		A7D794611AF5892700AE7D87 /* Products */ = {
			isa = PBXGroup;
			children = (
				A7D794601AF5892700AE7D87 /* Prioritate.app */,
				A7D794751AF5892700AE7D87 /* PrioritateTests.xctest */,
			);
			name = Products;
			sourceTree = "<group>";
		};
		A7D794621AF5892700AE7D87 /* Prioritate */ = {
			isa = PBXGroup;
			children = (
				A7D794651AF5892700AE7D87 /* AppDelegate.swift */,
				A7D794691AF5892700AE7D87 /* Main.storyboard */,
				A7D7946C1AF5892700AE7D87 /* Images.xcassets */,
				A7CF81731AF634C800225BD8 /* Classes */,
				A7D794971AF5BF2D00AE7D87 /* Custom Views */,
				A7D794961AF5BF2800AE7D87 /* Custom Cells */,
				A7D794931AF5BE8A00AE7D87 /* Protocols */,
				A7D7948D1AF5A79E00AE7D87 /* Models */,
				A7D7948A1AF59A9D00AE7D87 /* Controllers */,
				A7D794631AF5892700AE7D87 /* Supporting Files */,
			);
			path = Prioritate;
			sourceTree = "<group>";
		};
		A7D794631AF5892700AE7D87 /* Supporting Files */ = {
			isa = PBXGroup;
			children = (
				A7D794641AF5892700AE7D87 /* Info.plist */,
				A7D794851AF58BF600AE7D87 /* PrioritateKeys.swift */,
				A7D794871AF596AA00AE7D87 /* Prioritate-Bridging-Header.h */,
			);
			name = "Supporting Files";
			sourceTree = "<group>";
		};
		A7D794781AF5892700AE7D87 /* PrioritateTests */ = {
			isa = PBXGroup;
			children = (
				A7D7947B1AF5892700AE7D87 /* PrioritateTests.swift */,
				A7D794791AF5892700AE7D87 /* Supporting Files */,
			);
			path = PrioritateTests;
			sourceTree = "<group>";
		};
		A7D794791AF5892700AE7D87 /* Supporting Files */ = {
			isa = PBXGroup;
			children = (
				A7D7947A1AF5892700AE7D87 /* Info.plist */,
			);
			name = "Supporting Files";
			sourceTree = "<group>";
		};
		A7D7948A1AF59A9D00AE7D87 /* Controllers */ = {
			isa = PBXGroup;
			children = (
				A7CF81781AF6CF9C00225BD8 /* PRDashboardViewController.swift */,
				A7CF817A1AF6D03400225BD8 /* PREditorViewController.swift */,
				A7CF817E1AF6DC6C00225BD8 /* PRTabBarController.swift */,
			);
			name = Controllers;
			sourceTree = "<group>";
		};
		A7D7948D1AF5A79E00AE7D87 /* Models */ = {
			isa = PBXGroup;
			children = (
				A7D7948B1AF5A75D00AE7D87 /* PFItem.swift */,
			);
			name = Models;
			sourceTree = "<group>";
		};
		A7D794931AF5BE8A00AE7D87 /* Protocols */ = {
			isa = PBXGroup;
			children = (
				A7D794911AF5BD8100AE7D87 /* MXCellProtocol.swift */,
			);
			name = Protocols;
			sourceTree = "<group>";
		};
		A7D794961AF5BF2800AE7D87 /* Custom Cells */ = {
			isa = PBXGroup;
			children = (
				A7D794941AF5BEAF00AE7D87 /* PRCellItem.swift */,
				A7CF81761AF6CE8000225BD8 /* PRCellItemEditor.swift */,
			);
			name = "Custom Cells";
			sourceTree = "<group>";
		};
		A7D794971AF5BF2D00AE7D87 /* Custom Views */ = {
			isa = PBXGroup;
			children = (
			);
			name = "Custom Views";
			sourceTree = "<group>";
		};
/* End PBXGroup section */

/* Begin PBXNativeTarget section */
		A7D7945F1AF5892600AE7D87 /* Prioritate */ = {
			isa = PBXNativeTarget;
			buildConfigurationList = A7D7947F1AF5892700AE7D87 /* Build configuration list for PBXNativeTarget "Prioritate" */;
			buildPhases = (
				03176743148A279975E5A7E2 /* Check Pods Manifest.lock */,
				A7D7945C1AF5892600AE7D87 /* Sources */,
				A7D7945D1AF5892600AE7D87 /* Frameworks */,
				A7D7945E1AF5892600AE7D87 /* Resources */,
				409937C3BB7E7E6B6235A41B /* Copy Pods Resources */,
			);
			buildRules = (
			);
			dependencies = (
			);
			name = Prioritate;
			productName = Prioritate;
			productReference = A7D794601AF5892700AE7D87 /* Prioritate.app */;
			productType = "com.apple.product-type.application";
		};
		A7D794741AF5892700AE7D87 /* PrioritateTests */ = {
			isa = PBXNativeTarget;
			buildConfigurationList = A7D794821AF5892700AE7D87 /* Build configuration list for PBXNativeTarget "PrioritateTests" */;
			buildPhases = (
				08F3D5F88D03B47C729C2C2A /* Check Pods Manifest.lock */,
				A7D794711AF5892700AE7D87 /* Sources */,
				A7D794721AF5892700AE7D87 /* Frameworks */,
				A7D794731AF5892700AE7D87 /* Resources */,
				CD1BC5D7A2A9B3B8AF54F6DD /* Copy Pods Resources */,
			);
			buildRules = (
			);
			dependencies = (
				A7D794771AF5892700AE7D87 /* PBXTargetDependency */,
			);
			name = PrioritateTests;
			productName = PrioritateTests;
			productReference = A7D794751AF5892700AE7D87 /* PrioritateTests.xctest */;
			productType = "com.apple.product-type.bundle.unit-test";
		};
/* End PBXNativeTarget section */

/* Begin PBXProject section */
		A7D794581AF5892600AE7D87 /* Project object */ = {
			isa = PBXProject;
			attributes = {
				LastUpgradeCheck = 0630;
				ORGANIZATIONNAME = Morbix;
				TargetAttributes = {
					A7D7945F1AF5892600AE7D87 = {
						CreatedOnToolsVersion = 6.3.1;
					};
					A7D794741AF5892700AE7D87 = {
						CreatedOnToolsVersion = 6.3.1;
						TestTargetID = A7D7945F1AF5892600AE7D87;
					};
				};
			};
			buildConfigurationList = A7D7945B1AF5892600AE7D87 /* Build configuration list for PBXProject "Prioritate" */;
			compatibilityVersion = "Xcode 3.2";
			developmentRegion = English;
			hasScannedForEncodings = 0;
			knownRegions = (
				en,
				Base,
			);
			mainGroup = A7D794571AF5892600AE7D87;
			productRefGroup = A7D794611AF5892700AE7D87 /* Products */;
			projectDirPath = "";
			projectRoot = "";
			targets = (
				A7D7945F1AF5892600AE7D87 /* Prioritate */,
				A7D794741AF5892700AE7D87 /* PrioritateTests */,
			);
		};
/* End PBXProject section */

/* Begin PBXResourcesBuildPhase section */
		A7D7945E1AF5892600AE7D87 /* Resources */ = {
			isa = PBXResourcesBuildPhase;
			buildActionMask = 2147483647;
			files = (
				A7D7946B1AF5892700AE7D87 /* Main.storyboard in Resources */,
				A7D7946D1AF5892700AE7D87 /* Images.xcassets in Resources */,
			);
			runOnlyForDeploymentPostprocessing = 0;
		};
		A7D794731AF5892700AE7D87 /* Resources */ = {
			isa = PBXResourcesBuildPhase;
			buildActionMask = 2147483647;
			files = (
			);
			runOnlyForDeploymentPostprocessing = 0;
		};
/* End PBXResourcesBuildPhase section */

/* Begin PBXShellScriptBuildPhase section */
		03176743148A279975E5A7E2 /* Check Pods Manifest.lock */ = {
			isa = PBXShellScriptBuildPhase;
			buildActionMask = 2147483647;
			files = (
			);
			inputPaths = (
			);
			name = "Check Pods Manifest.lock";
			outputPaths = (
			);
			runOnlyForDeploymentPostprocessing = 0;
			shellPath = /bin/sh;
			shellScript = "diff \"${PODS_ROOT}/../Podfile.lock\" \"${PODS_ROOT}/Manifest.lock\" > /dev/null\nif [[ $? != 0 ]] ; then\n    cat << EOM\nerror: The sandbox is not in sync with the Podfile.lock. Run 'pod install' or update your CocoaPods installation.\nEOM\n    exit 1\nfi\n";
			showEnvVarsInLog = 0;
		};
		08F3D5F88D03B47C729C2C2A /* Check Pods Manifest.lock */ = {
			isa = PBXShellScriptBuildPhase;
			buildActionMask = 2147483647;
			files = (
			);
			inputPaths = (
			);
			name = "Check Pods Manifest.lock";
			outputPaths = (
			);
			runOnlyForDeploymentPostprocessing = 0;
			shellPath = /bin/sh;
			shellScript = "diff \"${PODS_ROOT}/../Podfile.lock\" \"${PODS_ROOT}/Manifest.lock\" > /dev/null\nif [[ $? != 0 ]] ; then\n    cat << EOM\nerror: The sandbox is not in sync with the Podfile.lock. Run 'pod install' or update your CocoaPods installation.\nEOM\n    exit 1\nfi\n";
			showEnvVarsInLog = 0;
		};
		409937C3BB7E7E6B6235A41B /* Copy Pods Resources */ = {
			isa = PBXShellScriptBuildPhase;
			buildActionMask = 2147483647;
			files = (
			);
			inputPaths = (
			);
			name = "Copy Pods Resources";
			outputPaths = (
			);
			runOnlyForDeploymentPostprocessing = 0;
			shellPath = /bin/sh;
			shellScript = "\"${SRCROOT}/Pods/Target Support Files/Pods-Prioritate/Pods-Prioritate-resources.sh\"\n";
			showEnvVarsInLog = 0;
		};
		CD1BC5D7A2A9B3B8AF54F6DD /* Copy Pods Resources */ = {
			isa = PBXShellScriptBuildPhase;
			buildActionMask = 2147483647;
			files = (
			);
			inputPaths = (
			);
			name = "Copy Pods Resources";
			outputPaths = (
			);
			runOnlyForDeploymentPostprocessing = 0;
			shellPath = /bin/sh;
			shellScript = "\"${SRCROOT}/Pods/Target Support Files/Pods-PrioritateTests/Pods-PrioritateTests-resources.sh\"\n";
			showEnvVarsInLog = 0;
		};
/* End PBXShellScriptBuildPhase section */

/* Begin PBXSourcesBuildPhase section */
		A7D7945C1AF5892600AE7D87 /* Sources */ = {
			isa = PBXSourcesBuildPhase;
			buildActionMask = 2147483647;
			files = (
				A7CF817F1AF6DC6C00225BD8 /* PRTabBarController.swift in Sources */,
				A7D7948C1AF5A75D00AE7D87 /* PFItem.swift in Sources */,
				A7CF817B1AF6D03400225BD8 /* PREditorViewController.swift in Sources */,
				A7CF81791AF6CF9C00225BD8 /* PRDashboardViewController.swift in Sources */,
				A7CF81771AF6CE8000225BD8 /* PRCellItemEditor.swift in Sources */,
				A7D794921AF5BD8100AE7D87 /* MXCellProtocol.swift in Sources */,
				A7D794661AF5892700AE7D87 /* AppDelegate.swift in Sources */,
				A7D794951AF5BEAF00AE7D87 /* PRCellItem.swift in Sources */,
				A7D794861AF58BF600AE7D87 /* PrioritateKeys.swift in Sources */,
				A7CF81751AF635B200225BD8 /* PRDataManager.swift in Sources */,
				A7CF817D1AF6D57700225BD8 /* PRConstants.swift in Sources */,
			);
			runOnlyForDeploymentPostprocessing = 0;
		};
		A7D794711AF5892700AE7D87 /* Sources */ = {
			isa = PBXSourcesBuildPhase;
			buildActionMask = 2147483647;
			files = (
				A7D7948F1AF5AF8700AE7D87 /* PFItem.swift in Sources */,
				A7D7947C1AF5892700AE7D87 /* PrioritateTests.swift in Sources */,
			);
			runOnlyForDeploymentPostprocessing = 0;
		};
/* End PBXSourcesBuildPhase section */

/* Begin PBXTargetDependency section */
		A7D794771AF5892700AE7D87 /* PBXTargetDependency */ = {
			isa = PBXTargetDependency;
			target = A7D7945F1AF5892600AE7D87 /* Prioritate */;
			targetProxy = A7D794761AF5892700AE7D87 /* PBXContainerItemProxy */;
		};
/* End PBXTargetDependency section */

/* Begin PBXVariantGroup section */
		A7D794691AF5892700AE7D87 /* Main.storyboard */ = {
			isa = PBXVariantGroup;
			children = (
				A7D7946A1AF5892700AE7D87 /* Base */,
			);
			name = Main.storyboard;
			sourceTree = "<group>";
		};
/* End PBXVariantGroup section */

/* Begin XCBuildConfiguration section */
		A7D7947D1AF5892700AE7D87 /* Debug */ = {
			isa = XCBuildConfiguration;
			buildSettings = {
				ALWAYS_SEARCH_USER_PATHS = NO;
				CLANG_CXX_LANGUAGE_STANDARD = "gnu++0x";
				CLANG_CXX_LIBRARY = "libc++";
				CLANG_ENABLE_MODULES = YES;
				CLANG_ENABLE_OBJC_ARC = YES;
				CLANG_WARN_BOOL_CONVERSION = YES;
				CLANG_WARN_CONSTANT_CONVERSION = YES;
				CLANG_WARN_DIRECT_OBJC_ISA_USAGE = YES_ERROR;
				CLANG_WARN_EMPTY_BODY = YES;
				CLANG_WARN_ENUM_CONVERSION = YES;
				CLANG_WARN_INT_CONVERSION = YES;
				CLANG_WARN_OBJC_ROOT_CLASS = YES_ERROR;
				CLANG_WARN_UNREACHABLE_CODE = YES;
				CLANG_WARN__DUPLICATE_METHOD_MATCH = YES;
				"CODE_SIGN_IDENTITY[sdk=iphoneos*]" = "iPhone Developer";
				COPY_PHASE_STRIP = NO;
				DEBUG_INFORMATION_FORMAT = "dwarf-with-dsym";
				ENABLE_STRICT_OBJC_MSGSEND = YES;
				GCC_C_LANGUAGE_STANDARD = gnu99;
				GCC_DYNAMIC_NO_PIC = NO;
				GCC_NO_COMMON_BLOCKS = YES;
				GCC_OPTIMIZATION_LEVEL = 0;
				GCC_PREPROCESSOR_DEFINITIONS = (
					"DEBUG=1",
					"$(inherited)",
				);
				GCC_SYMBOLS_PRIVATE_EXTERN = NO;
				GCC_WARN_64_TO_32_BIT_CONVERSION = YES;
				GCC_WARN_ABOUT_RETURN_TYPE = YES_ERROR;
				GCC_WARN_UNDECLARED_SELECTOR = YES;
				GCC_WARN_UNINITIALIZED_AUTOS = YES_AGGRESSIVE;
				GCC_WARN_UNUSED_FUNCTION = YES;
				GCC_WARN_UNUSED_VARIABLE = YES;
				IPHONEOS_DEPLOYMENT_TARGET = 8.3;
				MTL_ENABLE_DEBUG_INFO = YES;
				ONLY_ACTIVE_ARCH = YES;
				SDKROOT = iphoneos;
				SWIFT_OPTIMIZATION_LEVEL = "-Onone";
			};
			name = Debug;
		};
		A7D7947E1AF5892700AE7D87 /* Release */ = {
			isa = XCBuildConfiguration;
			buildSettings = {
				ALWAYS_SEARCH_USER_PATHS = NO;
				CLANG_CXX_LANGUAGE_STANDARD = "gnu++0x";
				CLANG_CXX_LIBRARY = "libc++";
				CLANG_ENABLE_MODULES = YES;
				CLANG_ENABLE_OBJC_ARC = YES;
				CLANG_WARN_BOOL_CONVERSION = YES;
				CLANG_WARN_CONSTANT_CONVERSION = YES;
				CLANG_WARN_DIRECT_OBJC_ISA_USAGE = YES_ERROR;
				CLANG_WARN_EMPTY_BODY = YES;
				CLANG_WARN_ENUM_CONVERSION = YES;
				CLANG_WARN_INT_CONVERSION = YES;
				CLANG_WARN_OBJC_ROOT_CLASS = YES_ERROR;
				CLANG_WARN_UNREACHABLE_CODE = YES;
				CLANG_WARN__DUPLICATE_METHOD_MATCH = YES;
				"CODE_SIGN_IDENTITY[sdk=iphoneos*]" = "iPhone Developer";
				COPY_PHASE_STRIP = NO;
				DEBUG_INFORMATION_FORMAT = "dwarf-with-dsym";
				ENABLE_NS_ASSERTIONS = NO;
				ENABLE_STRICT_OBJC_MSGSEND = YES;
				GCC_C_LANGUAGE_STANDARD = gnu99;
				GCC_NO_COMMON_BLOCKS = YES;
				GCC_WARN_64_TO_32_BIT_CONVERSION = YES;
				GCC_WARN_ABOUT_RETURN_TYPE = YES_ERROR;
				GCC_WARN_UNDECLARED_SELECTOR = YES;
				GCC_WARN_UNINITIALIZED_AUTOS = YES_AGGRESSIVE;
				GCC_WARN_UNUSED_FUNCTION = YES;
				GCC_WARN_UNUSED_VARIABLE = YES;
				IPHONEOS_DEPLOYMENT_TARGET = 8.3;
				MTL_ENABLE_DEBUG_INFO = NO;
				SDKROOT = iphoneos;
				VALIDATE_PRODUCT = YES;
			};
			name = Release;
		};
		A7D794801AF5892700AE7D87 /* Debug */ = {
			isa = XCBuildConfiguration;
			baseConfigurationReference = 320E5DD80563C4D40513ED20 /* Pods-Prioritate.debug.xcconfig */;
			buildSettings = {
				ASSETCATALOG_COMPILER_APPICON_NAME = AppIcon;
				ASSETCATALOG_COMPILER_LAUNCHIMAGE_NAME = LaunchImage;
				CLANG_ENABLE_MODULES = YES;
				INFOPLIST_FILE = Prioritate/Info.plist;
				IPHONEOS_DEPLOYMENT_TARGET = 7.0;
				LD_RUNPATH_SEARCH_PATHS = "$(inherited) @executable_path/Frameworks";
				PRODUCT_NAME = "$(TARGET_NAME)";
				SWIFT_OBJC_BRIDGING_HEADER = "Prioritate/Prioritate-Bridging-Header.h";
				SWIFT_OPTIMIZATION_LEVEL = "-Onone";
			};
			name = Debug;
		};
		A7D794811AF5892700AE7D87 /* Release */ = {
			isa = XCBuildConfiguration;
			baseConfigurationReference = 67D079BADE659130AA7C98C3 /* Pods-Prioritate.release.xcconfig */;
			buildSettings = {
				ASSETCATALOG_COMPILER_APPICON_NAME = AppIcon;
				ASSETCATALOG_COMPILER_LAUNCHIMAGE_NAME = LaunchImage;
				CLANG_ENABLE_MODULES = YES;
				INFOPLIST_FILE = Prioritate/Info.plist;
				IPHONEOS_DEPLOYMENT_TARGET = 7.0;
				LD_RUNPATH_SEARCH_PATHS = "$(inherited) @executable_path/Frameworks";
				PRODUCT_NAME = "$(TARGET_NAME)";
				SWIFT_OBJC_BRIDGING_HEADER = "Prioritate/Prioritate-Bridging-Header.h";
			};
			name = Release;
		};
		A7D794831AF5892700AE7D87 /* Debug */ = {
			isa = XCBuildConfiguration;
			baseConfigurationReference = 0BB306CBAA66E91FCA723DC1 /* Pods-PrioritateTests.debug.xcconfig */;
			buildSettings = {
				BUNDLE_LOADER = "$(TEST_HOST)";
				FRAMEWORK_SEARCH_PATHS = (
					"$(SDKROOT)/Developer/Library/Frameworks",
					"$(inherited)",
				);
				GCC_PREPROCESSOR_DEFINITIONS = (
					"DEBUG=1",
					"$(inherited)",
				);
				INFOPLIST_FILE = PrioritateTests/Info.plist;
				LD_RUNPATH_SEARCH_PATHS = "$(inherited) @executable_path/Frameworks @loader_path/Frameworks";
				PRODUCT_NAME = "$(TARGET_NAME)";
				SWIFT_OBJC_BRIDGING_HEADER = "Prioritate/Prioritate-Bridging-Header.h";
				TEST_HOST = "$(BUILT_PRODUCTS_DIR)/Prioritate.app/Prioritate";
			};
			name = Debug;
		};
		A7D794841AF5892700AE7D87 /* Release */ = {
			isa = XCBuildConfiguration;
			baseConfigurationReference = 24B0579797D1CBF8785AF142 /* Pods-PrioritateTests.release.xcconfig */;
			buildSettings = {
				BUNDLE_LOADER = "$(TEST_HOST)";
				FRAMEWORK_SEARCH_PATHS = (
					"$(SDKROOT)/Developer/Library/Frameworks",
					"$(inherited)",
				);
				INFOPLIST_FILE = PrioritateTests/Info.plist;
				LD_RUNPATH_SEARCH_PATHS = "$(inherited) @executable_path/Frameworks @loader_path/Frameworks";
				PRODUCT_NAME = "$(TARGET_NAME)";
				SWIFT_OBJC_BRIDGING_HEADER = "Prioritate/Prioritate-Bridging-Header.h";
				TEST_HOST = "$(BUILT_PRODUCTS_DIR)/Prioritate.app/Prioritate";
			};
			name = Release;
		};
/* End XCBuildConfiguration section */

/* Begin XCConfigurationList section */
		A7D7945B1AF5892600AE7D87 /* Build configuration list for PBXProject "Prioritate" */ = {
			isa = XCConfigurationList;
			buildConfigurations = (
				A7D7947D1AF5892700AE7D87 /* Debug */,
				A7D7947E1AF5892700AE7D87 /* Release */,
			);
			defaultConfigurationIsVisible = 0;
			defaultConfigurationName = Release;
		};
		A7D7947F1AF5892700AE7D87 /* Build configuration list for PBXNativeTarget "Prioritate" */ = {
			isa = XCConfigurationList;
			buildConfigurations = (
				A7D794801AF5892700AE7D87 /* Debug */,
				A7D794811AF5892700AE7D87 /* Release */,
			);
			defaultConfigurationIsVisible = 0;
			defaultConfigurationName = Release;
		};
		A7D794821AF5892700AE7D87 /* Build configuration list for PBXNativeTarget "PrioritateTests" */ = {
			isa = XCConfigurationList;
			buildConfigurations = (
				A7D794831AF5892700AE7D87 /* Debug */,
				A7D794841AF5892700AE7D87 /* Release */,
			);
			defaultConfigurationIsVisible = 0;
			defaultConfigurationName = Release;
		};
/* End XCConfigurationList section */
	};
	rootObject = A7D794581AF5892600AE7D87 /* Project object */;
}
